
Microsoft Visual Studio Solution File, Format Version 12.00
# Visual Studio 15
VisualStudioVersion = 15.0.27703.2047
MinimumVisualStudioVersion = 10.0.40219.1
Project("{9A19103F-16F7-4668-BE54-9A1E7A4F7556}") = "WebApp", "WebApp\WebApp.csproj", "{0C5D08FA-4FEF-467B-98B9-CE747C8C4727}"
EndProject
Project("{9A19103F-16F7-4668-BE54-9A1E7A4F7556}") = "Model", "Model\Model.csproj", "{6945473A-33BD-4B1D-911A-2AA92E1E7FF6}"
EndProject
Project("{9A19103F-16F7-4668-BE54-9A1E7A4F7556}") = "DAL", "DAL\DAL.csproj", "{CC798446-C242-4D4C-BE11-A5E865750856}"
EndProject
Project("{FAE04EC0-301F-11D3-BF4B-00C04F79EFBC}") = "BLL", "BLL\BLL.csproj", "{3CFB6ECF-D82F-4DDC-9FFC-68D1A72259B8}"
EndProject
Project("{FAE04EC0-301F-11D3-BF4B-00C04F79EFBC}") = "Common", "Common\Common.csproj", "{FA7E292C-75E8-425E-B8C9-75760ABFB9B5}"
EndProject
Global
	GlobalSection(SolutionConfigurationPlatforms) = preSolution
		Debug|Any CPU = Debug|Any CPU
		Release|Any CPU = Release|Any CPU
	EndGlobalSection
	GlobalSection(ProjectConfigurationPlatforms) = postSolution
		{0C5D08FA-4FEF-467B-98B9-CE747C8C4727}.Debug|Any CPU.ActiveCfg = Debug|Any CPU
		{0C5D08FA-4FEF-467B-98B9-CE747C8C4727}.Debug|Any CPU.Build.0 = Debug|Any CPU
		{0C5D08FA-4FEF-467B-98B9-CE747C8C4727}.Release|Any CPU.ActiveCfg = Release|Any CPU
		{0C5D08FA-4FEF-467B-98B9-CE747C8C4727}.Release|Any CPU.Build.0 = Release|Any CPU
		{6945473A-33BD-4B1D-911A-2AA92E1E7FF6}.Debug|Any CPU.ActiveCfg = Debug|Any CPU
		{6945473A-33BD-4B1D-911A-2AA92E1E7FF6}.Debug|Any CPU.Build.0 = Debug|Any CPU
		{6945473A-33BD-4B1D-911A-2AA92E1E7FF6}.Release|Any CPU.ActiveCfg = Release|Any CPU
		{6945473A-33BD-4B1D-911A-2AA92E1E7FF6}.Release|Any CPU.Build.0 = Release|Any CPU
		{CC798446-C242-4D4C-BE11-A5E865750856}.Debug|Any CPU.ActiveCfg = Debug|Any CPU
		{CC798446-C242-4D4C-BE11-A5E865750856}.Debug|Any CPU.Build.0 = Debug|Any CPU
		{CC798446-C242-4D4C-BE11-A5E865750856}.Release|Any CPU.ActiveCfg = Release|Any CPU
		{CC798446-C242-4D4C-BE11-A5E865750856}.Release|Any CPU.Build.0 = Release|Any CPU
		{3CFB6ECF-D82F-4DDC-9FFC-68D1A72259B8}.Debug|Any CPU.ActiveCfg = Debug|Any CPU
		{3CFB6ECF-D82F-4DDC-9FFC-68D1A72259B8}.Debug|Any CPU.Build.0 = Debug|Any CPU
		{3CFB6ECF-D82F-4DDC-9FFC-68D1A72259B8}.Release|Any CPU.ActiveCfg = Release|Any CPU
		{3CFB6ECF-D82F-4DDC-9FFC-68D1A72259B8}.Release|Any CPU.Build.0 = Release|Any CPU
		{FA7E292C-75E8-425E-B8C9-75760ABFB9B5}.Debug|Any CPU.ActiveCfg = Debug|Any CPU
		{FA7E292C-75E8-425E-B8C9-75760ABFB9B5}.Debug|Any CPU.Build.0 = Debug|Any CPU
		{FA7E292C-75E8-425E-B8C9-75760ABFB9B5}.Release|Any CPU.ActiveCfg = Release|Any CPU
		{FA7E292C-75E8-425E-B8C9-75760ABFB9B5}.Release|Any CPU.Build.0 = Release|Any CPU
	EndGlobalSection
	GlobalSection(SolutionProperties) = preSolution
		HideSolutionNode = FALSE
	EndGlobalSection
	GlobalSection(ExtensibilityGlobals) = postSolution
		SolutionGuid = {D9C72F44-587E-4039-BEC6-E5FEE6140F94}
	EndGlobalSection
EndGlobal
