
Microsoft Visual Studio Solution File, Format Version 12.00
# Visual Studio 15
VisualStudioVersion = 15.0.27703.2047
MinimumVisualStudioVersion = 10.0.40219.1
Project("{9A19103F-16F7-4668-BE54-9A1E7A4F7556}") = "WebApp", "WebApp\WebApp.csproj", "{CEB80D9C-C0E0-4912-88EA-F2C902D1A0F2}"
EndProject
Project("{9A19103F-16F7-4668-BE54-9A1E7A4F7556}") = "Model", "Model\Model.csproj", "{A397022A-ABD9-4B1F-920B-A3CFF39C6FCD}"
EndProject
Project("{FAE04EC0-301F-11D3-BF4B-00C04F79EFBC}") = "IDAL", "IDAL\IDAL.csproj", "{9A16FC6E-BB1F-46CD-A3D2-E630B48DC62F}"
EndProject
Project("{FAE04EC0-301F-11D3-BF4B-00C04F79EFBC}") = "DAL", "DAL\DAL.csproj", "{9ECF2D35-AE96-4752-9F53-2BDD44E696F1}"
EndProject
Project("{FAE04EC0-301F-11D3-BF4B-00C04F79EFBC}") = "IBLL", "IBLL\IBLL.csproj", "{F79A4F39-3134-4548-A38C-04728F142EF2}"
EndProject
Project("{FAE04EC0-301F-11D3-BF4B-00C04F79EFBC}") = "BLL", "BLL\BLL.csproj", "{82E3F84A-2E11-4342-BFB3-99B0FA50595B}"
EndProject
Project("{FAE04EC0-301F-11D3-BF4B-00C04F79EFBC}") = "DALFactory", "DALFactory\DALFactory.csproj", "{00E5619A-4D60-4B53-AA4D-501FEB02A595}"
EndProject
Project("{FAE04EC0-301F-11D3-BF4B-00C04F79EFBC}") = "Common", "Common\Common.csproj", "{A2DE3C8D-0B27-4FAF-A623-9468440FE0CF}"
EndProject
Global
	GlobalSection(SolutionConfigurationPlatforms) = preSolution
		Debug|Any CPU = Debug|Any CPU
		Release|Any CPU = Release|Any CPU
	EndGlobalSection
	GlobalSection(ProjectConfigurationPlatforms) = postSolution
		{CEB80D9C-C0E0-4912-88EA-F2C902D1A0F2}.Debug|Any CPU.ActiveCfg = Debug|Any CPU
		{CEB80D9C-C0E0-4912-88EA-F2C902D1A0F2}.Debug|Any CPU.Build.0 = Debug|Any CPU
		{CEB80D9C-C0E0-4912-88EA-F2C902D1A0F2}.Release|Any CPU.ActiveCfg = Release|Any CPU
		{CEB80D9C-C0E0-4912-88EA-F2C902D1A0F2}.Release|Any CPU.Build.0 = Release|Any CPU
		{A397022A-ABD9-4B1F-920B-A3CFF39C6FCD}.Debug|Any CPU.ActiveCfg = Debug|Any CPU
		{A397022A-ABD9-4B1F-920B-A3CFF39C6FCD}.Debug|Any CPU.Build.0 = Debug|Any CPU
		{A397022A-ABD9-4B1F-920B-A3CFF39C6FCD}.Release|Any CPU.ActiveCfg = Release|Any CPU
		{A397022A-ABD9-4B1F-920B-A3CFF39C6FCD}.Release|Any CPU.Build.0 = Release|Any CPU
		{9A16FC6E-BB1F-46CD-A3D2-E630B48DC62F}.Debug|Any CPU.ActiveCfg = Debug|Any CPU
		{9A16FC6E-BB1F-46CD-A3D2-E630B48DC62F}.Debug|Any CPU.Build.0 = Debug|Any CPU
		{9A16FC6E-BB1F-46CD-A3D2-E630B48DC62F}.Release|Any CPU.ActiveCfg = Release|Any CPU
		{9A16FC6E-BB1F-46CD-A3D2-E630B48DC62F}.Release|Any CPU.Build.0 = Release|Any CPU
		{9ECF2D35-AE96-4752-9F53-2BDD44E696F1}.Debug|Any CPU.ActiveCfg = Debug|Any CPU
		{9ECF2D35-AE96-4752-9F53-2BDD44E696F1}.Debug|Any CPU.Build.0 = Debug|Any CPU
		{9ECF2D35-AE96-4752-9F53-2BDD44E696F1}.Release|Any CPU.ActiveCfg = Release|Any CPU
		{9ECF2D35-AE96-4752-9F53-2BDD44E696F1}.Release|Any CPU.Build.0 = Release|Any CPU
		{F79A4F39-3134-4548-A38C-04728F142EF2}.Debug|Any CPU.ActiveCfg = Debug|Any CPU
		{F79A4F39-3134-4548-A38C-04728F142EF2}.Debug|Any CPU.Build.0 = Debug|Any CPU
		{F79A4F39-3134-4548-A38C-04728F142EF2}.Release|Any CPU.ActiveCfg = Release|Any CPU
		{F79A4F39-3134-4548-A38C-04728F142EF2}.Release|Any CPU.Build.0 = Release|Any CPU
		{82E3F84A-2E11-4342-BFB3-99B0FA50595B}.Debug|Any CPU.ActiveCfg = Debug|Any CPU
		{82E3F84A-2E11-4342-BFB3-99B0FA50595B}.Debug|Any CPU.Build.0 = Debug|Any CPU
		{82E3F84A-2E11-4342-BFB3-99B0FA50595B}.Release|Any CPU.ActiveCfg = Release|Any CPU
		{82E3F84A-2E11-4342-BFB3-99B0FA50595B}.Release|Any CPU.Build.0 = Release|Any CPU
		{00E5619A-4D60-4B53-AA4D-501FEB02A595}.Debug|Any CPU.ActiveCfg = Debug|Any CPU
		{00E5619A-4D60-4B53-AA4D-501FEB02A595}.Debug|Any CPU.Build.0 = Debug|Any CPU
		{00E5619A-4D60-4B53-AA4D-501FEB02A595}.Release|Any CPU.ActiveCfg = Release|Any CPU
		{00E5619A-4D60-4B53-AA4D-501FEB02A595}.Release|Any CPU.Build.0 = Release|Any CPU
		{A2DE3C8D-0B27-4FAF-A623-9468440FE0CF}.Debug|Any CPU.ActiveCfg = Debug|Any CPU
		{A2DE3C8D-0B27-4FAF-A623-9468440FE0CF}.Debug|Any CPU.Build.0 = Debug|Any CPU
		{A2DE3C8D-0B27-4FAF-A623-9468440FE0CF}.Release|Any CPU.ActiveCfg = Release|Any CPU
		{A2DE3C8D-0B27-4FAF-A623-9468440FE0CF}.Release|Any CPU.Build.0 = Release|Any CPU
	EndGlobalSection
	GlobalSection(SolutionProperties) = preSolution
		HideSolutionNode = FALSE
	EndGlobalSection
	GlobalSection(ExtensibilityGlobals) = postSolution
		SolutionGuid = {18E4C365-F2A5-4310-A689-DDDDEB499EC9}
	EndGlobalSection
EndGlobal
